
Microsoft Visual Studio Solution File, Format Version 12.00
# Visual Studio Version 16
VisualStudioVersion = 16.0.34931.43
MinimumVisualStudioVersion = 10.0.40219.1
Project("{FAE04EC0-301F-11D3-BF4B-00C04F79EFBC}") = "ConsoleApp4", "ConsoleApp4.csproj", "{6B5B72FB-8825-446D-A580-99AFB0506892}"
EndProject
Global
	GlobalSection(SolutionConfigurationPlatforms) = preSolution
		Debug|Any CPU = Debug|Any CPU
		Release|Any CPU = Release|Any CPU
	EndGlobalSection
	GlobalSection(ProjectConfigurationPlatforms) = postSolution
		{6B5B72FB-8825-446D-A580-99AFB0506892}.Debug|Any CPU.ActiveCfg = Debug|Any CPU
		{6B5B72FB-8825-446D-A580-99AFB0506892}.Debug|Any CPU.Build.0 = Debug|Any CPU
		{6B5B72FB-8825-446D-A580-99AFB0506892}.Release|Any CPU.ActiveCfg = Release|Any CPU
		{6B5B72FB-8825-446D-A580-99AFB0506892}.Release|Any CPU.Build.0 = Release|Any CPU
	EndGlobalSection
	GlobalSection(SolutionProperties) = preSolution
		HideSolutionNode = FALSE
	EndGlobalSection
	GlobalSection(ExtensibilityGlobals) = postSolution
		SolutionGuid = {C69D95B7-0BE6-4D9B-904A-517832FC2343}
	EndGlobalSection
EndGlobal
